Microsoft Visual Studio Solution File, Format Version 12.00
# Visual Studio Version 16
VisualStudioVersion = 16.0.28711.60
MinimumVisualStudioVersion = 10.0.40219.1
Project("{2150E333-8FDC-42A3-9474-1A3956D46DE8}") = "src", "src", "{96268FD4-5328-4959-8934-D5158ED9153D}"
EndProject
Project("{2150E333-8FDC-42A3-9474-1A3956D46DE8}") = "Examples", "Examples", "{54EA27C3-173F-43E1-B8B3-134DA04982E7}"
EndProject
Project("{9A19103F-16F7-4668-BE54-9A1E7A4F7556}") = "DinkToPdf", "src\DinkToPdf\DinkToPdf.csproj", "{311B868A-98AF-41F9-B4AB-7F13BEE651BE}"
EndProject
Project("{9A19103F-16F7-4668-BE54-9A1E7A4F7556}") = "DinkToPdf.TestThreadSafe", "DinkToPdf.TestThreadSafe\DinkToPdf.TestThreadSafe.csproj", "{7AB977DC-E9BE-42FE-834E-0170CB8A845C}"
EndProject
Project("{9A19103F-16F7-4668-BE54-9A1E7A4F7556}") = "DinkToPdf.TestWebServer", "DinkToPdf.TestWebServer\DinkToPdf.TestWebServer.csproj", "{292A280A-24FD-41D9-867C-058E6EE6028F}"
EndProject
Project("{9A19103F-16F7-4668-BE54-9A1E7A4F7556}") = "DinkToPfd.TestConsoleApp", "DinkToPfd.TestConsoleApp\DinkToPfd.TestConsoleApp.csproj", "{51C8A18A-B165-4EF4-80BC-2EA841974607}"
EndProject
Project("{2150E333-8FDC-42A3-9474-1A3956D46DE8}") = "v0.12.5", "v0.12.5", "{A4C6EC8F-A046-4A3C-84DC-C36FDE7EBEF9}"
	ProjectSection(SolutionItems) = preProject
		v0.12.5\LICENSE = v0.12.5\LICENSE
	EndProjectSection
EndProject
Project("{2150E333-8FDC-42A3-9474-1A3956D46DE8}") = "64 bit", "64 bit", "{81D69B39-2A45-4385-B763-EE576BFB490E}"
	ProjectSection(SolutionItems) = preProject
		v0.12.5\64 bit\libwkhtmltox.dll = v0.12.5\64 bit\libwkhtmltox.dll
		v0.12.5\64 bit\libwkhtmltox.dylib = v0.12.5\64 bit\libwkhtmltox.dylib
		v0.12.5\64 bit\libwkhtmltox.so = v0.12.5\64 bit\libwkhtmltox.so
	EndProjectSection
EndProject
Project("{2150E333-8FDC-42A3-9474-1A3956D46DE8}") = "32 bit", "32 bit", "{8068782D-C43A-45CE-84DE-4D8EF48C2FB0}"
	ProjectSection(SolutionItems) = preProject
		v0.12.5\32 bit\libwkhtmltox.dll = v0.12.5\32 bit\libwkhtmltox.dll
		v0.12.5\32 bit\libwkhtmltox.dylib = v0.12.5\32 bit\libwkhtmltox.dylib
		v0.12.5\32 bit\libwkhtmltox.so = v0.12.5\32 bit\libwkhtmltox.so
	EndProjectSection
EndProject
Project("{2150E333-8FDC-42A3-9474-1A3956D46DE8}") = "Solution Items", "Solution Items", "{DB9A45C9-C07B-4CCE-A544-1078E98A0776}"
	ProjectSection(SolutionItems) = preProject
		.editorconfig = .editorconfig
		.gitignore = .gitignore
		LICENSE = LICENSE
		README.md = README.md
	EndProjectSection
EndProject
Global
	GlobalSection(SolutionConfigurationPlatforms) = preSolution
		Debug|Any CPU = Debug|Any CPU
		Debug|x64 = Debug|x64
		Debug|x86 = Debug|x86
		Release|Any CPU = Release|Any CPU
		Release|x64 = Release|x64
		Release|x86 = Release|x86
	EndGlobalSection
	GlobalSection(ProjectConfigurationPlatforms) = postSolution
		{311B868A-98AF-41F9-B4AB-7F13BEE651BE}.Debug|Any CPU.ActiveCfg = Debug|Any CPU
		{311B868A-98AF-41F9-B4AB-7F13BEE651BE}.Debug|Any CPU.Build.0 = Debug|Any CPU
		{311B868A-98AF-41F9-B4AB-7F13BEE651BE}.Debug|x64.ActiveCfg = Debug|Any CPU
		{311B868A-98AF-41F9-B4AB-7F13BEE651BE}.Debug|x64.Build.0 = Debug|Any CPU
		{311B868A-98AF-41F9-B4AB-7F13BEE651BE}.Debug|x86.ActiveCfg = Debug|Any CPU
		{311B868A-98AF-41F9-B4AB-7F13BEE651BE}.Debug|x86.Build.0 = Debug|Any CPU
		{311B868A-98AF-41F9-B4AB-7F13BEE651BE}.Release|Any CPU.ActiveCfg = Release|Any CPU
		{311B868A-98AF-41F9-B4AB-7F13BEE651BE}.Release|Any CPU.Build.0 = Release|Any CPU
		{311B868A-98AF-41F9-B4AB-7F13BEE651BE}.Release|x64.ActiveCfg = Release|Any CPU
		{311B868A-98AF-41F9-B4AB-7F13BEE651BE}.Release|x64.Build.0 = Release|Any CPU
		{311B868A-98AF-41F9-B4AB-7F13BEE651BE}.Release|x86.ActiveCfg = Release|Any CPU
		{311B868A-98AF-41F9-B4AB-7F13BEE651BE}.Release|x86.Build.0 = Release|Any CPU
		{7AB977DC-E9BE-42FE-834E-0170CB8A845C}.Debug|Any CPU.ActiveCfg = Debug|Any CPU
		{7AB977DC-E9BE-42FE-834E-0170CB8A845C}.Debug|Any CPU.Build.0 = Debug|Any CPU
		{7AB977DC-E9BE-42FE-834E-0170CB8A845C}.Debug|x64.ActiveCfg = Debug|Any CPU
		{7AB977DC-E9BE-42FE-834E-0170CB8A845C}.Debug|x64.Build.0 = Debug|Any CPU
		{7AB977DC-E9BE-42FE-834E-0170CB8A845C}.Debug|x86.ActiveCfg = Debug|Any CPU
		{7AB977DC-E9BE-42FE-834E-0170CB8A845C}.Debug|x86.Build.0 = Debug|Any CPU
		{7AB977DC-E9BE-42FE-834E-0170CB8A845C}.Release|Any CPU.ActiveCfg = Release|Any CPU
		{7AB977DC-E9BE-42FE-834E-0170CB8A845C}.Release|Any CPU.Build.0 = Release|Any CPU
		{7AB977DC-E9BE-42FE-834E-0170CB8A845C}.Release|x64.ActiveCfg = Release|Any CPU
		{7AB977DC-E9BE-42FE-834E-0170CB8A845C}.Release|x64.Build.0 = Release|Any CPU
		{7AB977DC-E9BE-42FE-834E-0170CB8A845C}.Release|x86.ActiveCfg = Release|Any CPU
		{7AB977DC-E9BE-42FE-834E-0170CB8A845C}.Release|x86.Build.0 = Release|Any CPU
		{292A280A-24FD-41D9-867C-058E6EE6028F}.Debug|Any CPU.ActiveCfg = Debug|Any CPU
		{292A280A-24FD-41D9-867C-058E6EE6028F}.Debug|Any CPU.Build.0 = Debug|Any CPU
		{292A280A-24FD-41D9-867C-058E6EE6028F}.Debug|x64.ActiveCfg = Debug|Any CPU
		{292A280A-24FD-41D9-867C-058E6EE6028F}.Debug|x64.Build.0 = Debug|Any CPU
		{292A280A-24FD-41D9-867C-058E6EE6028F}.Debug|x86.ActiveCfg = Debug|Any CPU
		{292A280A-24FD-41D9-867C-058E6EE6028F}.Debug|x86.Build.0 = Debug|Any CPU
		{292A280A-24FD-41D9-867C-058E6EE6028F}.Release|Any CPU.ActiveCfg = Release|Any CPU
		{292A280A-24FD-41D9-867C-058E6EE6028F}.Release|Any CPU.Build.0 = Release|Any CPU
		{292A280A-24FD-41D9-867C-058E6EE6028F}.Release|x64.ActiveCfg = Release|Any CPU
		{292A280A-24FD-41D9-867C-058E6EE6028F}.Release|x64.Build.0 = Release|Any CPU
		{292A280A-24FD-41D9-867C-058E6EE6028F}.Release|x86.ActiveCfg = Release|Any CPU
		{292A280A-24FD-41D9-867C-058E6EE6028F}.Release|x86.Build.0 = Release|Any CPU
		{51C8A18A-B165-4EF4-80BC-2EA841974607}.Debug|Any CPU.ActiveCfg = Debug|Any CPU
		{51C8A18A-B165-4EF4-80BC-2EA841974607}.Debug|Any CPU.Build.0 = Debug|Any CPU
		{51C8A18A-B165-4EF4-80BC-2EA841974607}.Debug|x64.ActiveCfg = Debug|Any CPU
		{51C8A18A-B165-4EF4-80BC-2EA841974607}.Debug|x64.Build.0 = Debug|Any CPU
		{51C8A18A-B165-4EF4-80BC-2EA841974607}.Debug|x86.ActiveCfg = Debug|Any CPU
		{51C8A18A-B165-4EF4-80BC-2EA841974607}.Debug|x86.Build.0 = Debug|Any CPU
		{51C8A18A-B165-4EF4-80BC-2EA841974607}.Release|Any CPU.ActiveCfg = Release|Any CPU
		{51C8A18A-B165-4EF4-80BC-2EA841974607}.Release|Any CPU.Build.0 = Release|Any CPU
		{51C8A18A-B165-4EF4-80BC-2EA841974607}.Release|x64.ActiveCfg = Release|Any CPU
		{51C8A18A-B165-4EF4-80BC-2EA841974607}.Release|x64.Build.0 = Release|Any CPU
		{51C8A18A-B165-4EF4-80BC-2EA841974607}.Release|x86.ActiveCfg = Release|Any CPU
		{51C8A18A-B165-4EF4-80BC-2EA841974607}.Release|x86.Build.0 = Release|Any CPU
	EndGlobalSection
	GlobalSection(SolutionProperties) = preSolution
		HideSolutionNode = FALSE
	EndGlobalSection
	GlobalSection(NestedProjects) = preSolution
		{54EA27C3-173F-43E1-B8B3-134DA04982E7} = {96268FD4-5328-4959-8934-D5158ED9153D}
		{311B868A-98AF-41F9-B4AB-7F13BEE651BE} = {96268FD4-5328-4959-8934-D5158ED9153D}
		{7AB977DC-E9BE-42FE-834E-0170CB8A845C} = {54EA27C3-173F-43E1-B8B3-134DA04982E7}
		{292A280A-24FD-41D9-867C-058E6EE6028F} = {54EA27C3-173F-43E1-B8B3-134DA04982E7}
		{51C8A18A-B165-4EF4-80BC-2EA841974607} = {54EA27C3-173F-43E1-B8B3-134DA04982E7}
		{81D69B39-2A45-4385-B763-EE576BFB490E} = {A4C6EC8F-A046-4A3C-84DC-C36FDE7EBEF9}
		{8068782D-C43A-45CE-84DE-4D8EF48C2FB0} = {A4C6EC8F-A046-4A3C-84DC-C36FDE7EBEF9}
	EndGlobalSection
	GlobalSection(ExtensibilityGlobals) = postSolution
		SolutionGuid = {BF21910C-CB67-45ED-9CB8-B5D1C1C31E1E}
	EndGlobalSection
EndGlobal
