
Microsoft Visual Studio Solution File, Format Version 12.00
# Visual Studio Version 16
VisualStudioVersion = 16.0.30011.22
MinimumVisualStudioVersion = 10.0.40219.1
Project("{FAE04EC0-301F-11D3-BF4B-00C04F79EFBC}") = "DinkToPdf", "src\DinkToPdf\DinkToPdf.csproj", "{5DD50394-4E47-4EB5-82B7-8A2A4F6B3001}"
EndProject
Project("{FAE04EC0-301F-11D3-BF4B-00C04F79EFBC}") = "DinkToPdf.TestThreadSafe", "DinkToPdf.TestThreadSafe\DinkToPdf.TestThreadSafe.csproj", "{966941AB-E60C-44BD-A632-06074ECFDDCE}"
EndProject
Project("{FAE04EC0-301F-11D3-BF4B-00C04F79EFBC}") = "DinkToPdf.TestWebServer", "DinkToPdf.TestWebServer\DinkToPdf.TestWebServer.csproj", "{A239F235-434A-4992-8EF2-F6710E950B60}"
EndProject
Project("{FAE04EC0-301F-11D3-BF4B-00C04F79EFBC}") = "DinkToPfd.TestConsoleApp", "DinkToPfd.TestConsoleApp\DinkToPfd.TestConsoleApp.csproj", "{8DAABCD2-F8F6-4D64-A892-E5259211EF05}"
EndProject
Global
	GlobalSection(SolutionConfigurationPlatforms) = preSolution
		Debug|Any CPU = Debug|Any CPU
		Release|Any CPU = Release|Any CPU
	EndGlobalSection
	GlobalSection(ProjectConfigurationPlatforms) = postSolution
		{5DD50394-4E47-4EB5-82B7-8A2A4F6B3001}.Debug|Any CPU.ActiveCfg = Debug|Any CPU
		{5DD50394-4E47-4EB5-82B7-8A2A4F6B3001}.Debug|Any CPU.Build.0 = Debug|Any CPU
		{5DD50394-4E47-4EB5-82B7-8A2A4F6B3001}.Release|Any CPU.ActiveCfg = Release|Any CPU
		{5DD50394-4E47-4EB5-82B7-8A2A4F6B3001}.Release|Any CPU.Build.0 = Release|Any CPU
		{966941AB-E60C-44BD-A632-06074ECFDDCE}.Debug|Any CPU.ActiveCfg = Debug|Any CPU
		{966941AB-E60C-44BD-A632-06074ECFDDCE}.Debug|Any CPU.Build.0 = Debug|Any CPU
		{966941AB-E60C-44BD-A632-06074ECFDDCE}.Release|Any CPU.ActiveCfg = Release|Any CPU
		{966941AB-E60C-44BD-A632-06074ECFDDCE}.Release|Any CPU.Build.0 = Release|Any CPU
		{A239F235-434A-4992-8EF2-F6710E950B60}.Debug|Any CPU.ActiveCfg = Debug|Any CPU
		{A239F235-434A-4992-8EF2-F6710E950B60}.Debug|Any CPU.Build.0 = Debug|Any CPU
		{A239F235-434A-4992-8EF2-F6710E950B60}.Release|Any CPU.ActiveCfg = Release|Any CPU
		{A239F235-434A-4992-8EF2-F6710E950B60}.Release|Any CPU.Build.0 = Release|Any CPU
		{8DAABCD2-F8F6-4D64-A892-E5259211EF05}.Debug|Any CPU.ActiveCfg = Debug|Any CPU
		{8DAABCD2-F8F6-4D64-A892-E5259211EF05}.Debug|Any CPU.Build.0 = Debug|Any CPU
		{8DAABCD2-F8F6-4D64-A892-E5259211EF05}.Release|Any CPU.ActiveCfg = Release|Any CPU
		{8DAABCD2-F8F6-4D64-A892-E5259211EF05}.Release|Any CPU.Build.0 = Release|Any CPU
	EndGlobalSection
	GlobalSection(SolutionProperties) = preSolution
		HideSolutionNode = FALSE
	EndGlobalSection
	GlobalSection(ExtensibilityGlobals) = postSolution
		SolutionGuid = {B417CCA9-B55D-413D-8782-F16D3830B098}
	EndGlobalSection
EndGlobal
